<?xml version="1.0" encoding="utf-8"?>
<Project ToolsVersion="4.0" xmlns="http://schemas.microsoft.com/developer/msbuild/2003">
  <ItemGroup>
    <Filter Include="Source Files">
      <UniqueIdentifier>{4FC737F1-C7A5-4376-A066-2A32D752A2FF}</UniqueIdentifier>
      <Extensions>cpp;c;cc;cxx;def;odl;idl;hpj;bat;asm;asmx</Extensions>
    </Filter>
    <Filter Include="Header Files">
      <UniqueIdentifier>{93995380-89BD-4b04-88EB-625FBE52EBFB}</UniqueIdentifier>
      <Extensions>h;hh;hpp;hxx;hm;inl;inc;xsd</Extensions>
    </Filter>
    <Filter Include="Resource Files">
      <UniqueIdentifier>{67DA6AB6-F800-4c08-8B7A-83BB121AAD01}</UniqueIdentifier>
      <Extensions>rc;ico;cur;bmp;dlg;rc2;rct;bin;rgs;gif;jpg;jpeg;jpe;resx;tiff;tif;png;wav;mfcribbon-ms</Extensions>
    </Filter>
    <Filter Include="Source Files\GL">
      <UniqueIdentifier>{c9f3ffba-9b0e-4e3e-a189-be2f35bc84f5}</UniqueIdentifier>
    </Filter>
    <Filter Include="Header Files\GL">
      <UniqueIdentifier>{80dc7dcc-24a9-40f1-be28-29f5a74cbaa4}</UniqueIdentifier>
    </Filter>
    <Filter Include="Header Files\Controls">
      <UniqueIdentifier>{e0052c78-4699-4e9b-a241-419926463df7}</UniqueIdentifier>
    </Filter>
    <Filter Include="Source Files\Controls">
      <UniqueIdentifier>{90b014cf-e728-40ce-9c45-01e69392f7d7}</UniqueIdentifier>
    </Filter>
    <Filter Include="Source Files\Meshes">
      <UniqueIdentifier>{7b9d39f1-b5e0-4d6e-b659-e116c7a8085c}</UniqueIdentifier>
    </Filter>
    <Filter Include="Header Files\Meshes">
      <UniqueIdentifier>{0f1c7e3f-09e4-47c4-9d0e-e432d056ea0e}</UniqueIdentifier>
    </Filter>
  </ItemGroup>
  <ItemGroup>
    <ClInclude Include="resource.h">
      <Filter>Header Files</Filter>
    </ClInclude>
    <ClInclude Include="Error.h">
      <Filter>Header Files</Filter>
    </ClInclude>
    <ClInclude Include="Files.h">
      <Filter>Header Files</Filter>
    </ClInclude>
    <ClInclude Include="Material.h">
      <Filter>Header Files</Filter>
    </ClInclude>
    <ClInclude Include="Mesh.h">
      <Filter>Header Files</Filter>
    </ClInclude>
    <ClInclude Include="Objects.h">
      <Filter>Header Files</Filter>
    </ClInclude>
    <ClInclude Include="OpenGL.h">
      <Filter>Header Files</Filter>
    </ClInclude>
    <ClInclude Include="Settings.h">
      <Filter>Header Files</Filter>
    </ClInclude>
    <ClInclude Include="Shader.h">
      <Filter>Header Files</Filter>
    </ClInclude>
    <ClInclude Include="Triangulate.h">
      <Filter>Header Files</Filter>
    </ClInclude>
    <ClInclude Include="Utils.h">
      <Filter>Header Files</Filter>
    </ClInclude>
    <ClInclude Include="VecMat.h">
      <Filter>Header Files</Filter>
    </ClInclude>
    <ClInclude Include="WinMain.h">
      <Filter>Header Files</Filter>
    </ClInclude>
    <ClInclude Include="GL\wglew.h">
      <Filter>Header Files</Filter>
    </ClInclude>
    <ClInclude Include="GL\glew.h">
      <Filter>Header Files\GL</Filter>
    </ClInclude>
    <ClInclude Include="GL\glxew.h">
      <Filter>Header Files\GL</Filter>
    </ClInclude>
    <ClInclude Include="Hid.h">
      <Filter>Header Files</Filter>
    </ClInclude>
    <ClInclude Include="controls\CtrlButton.h">
      <Filter>Header Files\Controls</Filter>
    </ClInclude>
    <ClInclude Include="controls\CtrlCheckBox.h">
      <Filter>Header Files\Controls</Filter>
    </ClInclude>
    <ClInclude Include="controls\CtrlColorSet.h">
      <Filter>Header Files\Controls</Filter>
    </ClInclude>
    <ClInclude Include="controls\CtrlPosSet.h">
      <Filter>Header Files\Controls</Filter>
    </ClInclude>
    <ClInclude Include="controls\CtrlRadioButton.h">
      <Filter>Header Files\Controls</Filter>
    </ClInclude>
    <ClInclude Include="controls\CtrlValue.h">
      <Filter>Header Files\Controls</Filter>
    </ClInclude>
    <ClInclude Include="meshes\Cone.h">
      <Filter>Header Files\Meshes</Filter>
    </ClInclude>
    <ClInclude Include="meshes\Cube.h">
      <Filter>Header Files\Meshes</Filter>
    </ClInclude>
    <ClInclude Include="meshes\Dome.h">
      <Filter>Header Files\Meshes</Filter>
    </ClInclude>
    <ClInclude Include="meshes\Sphere.h">
      <Filter>Header Files\Meshes</Filter>
    </ClInclude>
    <ClInclude Include="meshes\Tube.h">
      <Filter>Header Files\Meshes</Filter>
    </ClInclude>
    <ClInclude Include="meshes\Axis.h">
      <Filter>Header Files\Meshes</Filter>
    </ClInclude>
  </ItemGroup>
  <ItemGroup>
    <ClCompile Include="Error.cpp">
      <Filter>Source Files</Filter>
    </ClCompile>
    <ClCompile Include="Files.cpp">
      <Filter>Source Files</Filter>
    </ClCompile>
    <ClCompile Include="Material.cpp">
      <Filter>Source Files</Filter>
    </ClCompile>
    <ClCompile Include="Mesh.cpp">
      <Filter>Source Files</Filter>
    </ClCompile>
    <ClCompile Include="Objects.cpp">
      <Filter>Source Files</Filter>
    </ClCompile>
    <ClCompile Include="OpenGL.cpp">
      <Filter>Source Files</Filter>
    </ClCompile>
    <ClCompile Include="Settings.cpp">
      <Filter>Source Files</Filter>
    </ClCompile>
    <ClCompile Include="Shader.cpp">
      <Filter>Source Files</Filter>
    </ClCompile>
    <ClCompile Include="Triangulate.cpp">
      <Filter>Source Files</Filter>
    </ClCompile>
    <ClCompile Include="Utils.cpp">
      <Filter>Source Files</Filter>
    </ClCompile>
    <ClCompile Include="WinMain.cpp">
      <Filter>Source Files</Filter>
    </ClCompile>
    <ClCompile Include="GL\glew.c">
      <Filter>Source Files\GL</Filter>
    </ClCompile>
    <ClCompile Include="Hid.cpp">
      <Filter>Source Files</Filter>
    </ClCompile>
    <ClCompile Include="controls\CtrlButton.cpp">
      <Filter>Source Files\Controls</Filter>
    </ClCompile>
    <ClCompile Include="controls\CtrlCheckBox.cpp">
      <Filter>Source Files\Controls</Filter>
    </ClCompile>
    <ClCompile Include="controls\CtrlColorSet.cpp">
      <Filter>Source Files\Controls</Filter>
    </ClCompile>
    <ClCompile Include="controls\CtrlPosSet.cpp">
      <Filter>Source Files\Controls</Filter>
    </ClCompile>
    <ClCompile Include="controls\CtrlRadioButton.cpp">
      <Filter>Source Files\Controls</Filter>
    </ClCompile>
    <ClCompile Include="controls\CtrlValue.cpp">
      <Filter>Source Files\Controls</Filter>
    </ClCompile>
    <ClCompile Include="meshes\Cone.cpp">
      <Filter>Source Files\Meshes</Filter>
    </ClCompile>
    <ClCompile Include="meshes\Cube.cpp">
      <Filter>Source Files\Meshes</Filter>
    </ClCompile>
    <ClCompile Include="meshes\Dome.cpp">
      <Filter>Source Files\Meshes</Filter>
    </ClCompile>
    <ClCompile Include="meshes\Sphere.cpp">
      <Filter>Source Files\Meshes</Filter>
    </ClCompile>
    <ClCompile Include="meshes\Tube.cpp">
      <Filter>Source Files\Meshes</Filter>
    </ClCompile>
    <ClCompile Include="meshes\Axis.cpp">
      <Filter>Source Files\Meshes</Filter>
    </ClCompile>
  </ItemGroup>
  <ItemGroup>
    <ResourceCompile Include="3dEngine.rc">
      <Filter>Resource Files</Filter>
    </ResourceCompile>
  </ItemGroup>
  <ItemGroup>
    <Image Include="3dEngine.ico">
      <Filter>Resource Files</Filter>
    </Image>
  </ItemGroup>
</Project>